// !$*UTF8*$!
{
	archiveVersion = 1;
	classes = {
	};
	objectVersion = 46;
	objects = {

/* Begin PBXBuildFile section */
		6D06F2961A23E10C00F5C34E /* fopenCompatibilityFix.c in Sources */ = {isa = PBXBuildFile; fileRef = 6D06F2871A23E10C00F5C34E /* fopenCompatibilityFix.c */; };
		6D06F2991A23E10C00F5C34E /* libnanostore2.a in Frameworks */ = {isa = PBXBuildFile; fileRef = 6D06F2951A23E10C00F5C34E /* libnanostore2.a */; };
		6D12DE4F19E2E59C001C11D6 /* UIViewController+NavBar.m in Sources */ = {isa = PBXBuildFile; fileRef = 6DBEE8F119DC9D75009FC9BD /* UIViewController+NavBar.m */; };
		6D12DE5019E2E59C001C11D6 /* DBFilterViewController.m in Sources */ = {isa = PBXBuildFile; fileRef = 6D70037C19BE840800AAC079 /* DBFilterViewController.m */; };
		6D12DE5119E2E59C001C11D6 /* DBSetPickerViewController.m in Sources */ = {isa = PBXBuildFile; fileRef = 6D70037719BE2C0C00AAC079 /* DBSetPickerViewController.m */; };
		6D12DE5219E2E59C001C11D6 /* CardFilter.m in Sources */ = {isa = PBXBuildFile; fileRef = 6D70038019BF380A00AAC079 /* CardFilter.m */; };
		6D12DE5519E2E59C001C11D6 /* DBAppDelegate.m in Sources */ = {isa = PBXBuildFile; fileRef = 6DB12C8919BDAB0A00B2BCC8 /* DBAppDelegate.m */; };
		6D12DE5719E2E59C001C11D6 /* DBFullCardCell.m in Sources */ = {isa = PBXBuildFile; fileRef = 6DC9540B19C0504F008640C7 /* DBFullCardCell.m */; };
		6D12DE5819E2E59C001C11D6 /* UIViewController+FilterCards.m in Sources */ = {isa = PBXBuildFile; fileRef = 6D7C30C219CE48BD00876B31 /* UIViewController+FilterCards.m */; };
		6D12DE5A19E2E59C001C11D6 /* MTGSet.m in Sources */ = {isa = PBXBuildFile; fileRef = 6D70036A19BDC89E00AAC079 /* MTGSet.m */; };
		6D12DE5B19E2E59C001C11D6 /* DBCardsViewController.m in Sources */ = {isa = PBXBuildFile; fileRef = 6D70038419BF48BE00AAC079 /* DBCardsViewController.m */; };
		6D12DE5C19E2E59C001C11D6 /* DBSearchViewController.m in Sources */ = {isa = PBXBuildFile; fileRef = 6D7C30BE19CE417400876B31 /* DBSearchViewController.m */; };
		6D12DE5E19E2E59C001C11D6 /* DBSetViewController.m in Sources */ = {isa = PBXBuildFile; fileRef = 6DB12C8F19BDAB0A00B2BCC8 /* DBSetViewController.m */; };
		6D12DE5F19E2E59C001C11D6 /* DBCardCell.m in Sources */ = {isa = PBXBuildFile; fileRef = 6D25A10619DDD53600ACB73A /* DBCardCell.m */; };
		6D12DE6019E2E59C001C11D6 /* DBSettingsViewController.m in Sources */ = {isa = PBXBuildFile; fileRef = 6D7C30B719CE390E00876B31 /* DBSettingsViewController.m */; };
		6D12DE6119E2E59C001C11D6 /* main.m in Sources */ = {isa = PBXBuildFile; fileRef = 6DB12C8519BDAB0A00B2BCC8 /* main.m */; };
		6D12DE6219E2E59C001C11D6 /* MTGCard.m in Sources */ = {isa = PBXBuildFile; fileRef = 6D70037219BDCF8F00AAC079 /* MTGCard.m */; };
		6D12DE6319E2E59C001C11D6 /* CardsDatabase.m in Sources */ = {isa = PBXBuildFile; fileRef = 6D70036119BDC69F00AAC079 /* CardsDatabase.m */; };
		6D12DE6519E2E59C001C11D6 /* libz.dylib in Frameworks */ = {isa = PBXBuildFile; fileRef = 6DDC9CD519DC524C002BBB4F /* libz.dylib */; };
		6D12DE6619E2E59C001C11D6 /* SystemConfiguration.framework in Frameworks */ = {isa = PBXBuildFile; fileRef = 6DDC9CD319DC5246002BBB4F /* SystemConfiguration.framework */; };
		6D12DE6719E2E59C001C11D6 /* libGoogleAnalyticsServices.a in Frameworks */ = {isa = PBXBuildFile; fileRef = 6DDC9CD819DC5406002BBB4F /* libGoogleAnalyticsServices.a */; };
		6D12DE6819E2E59C001C11D6 /* CoreData.framework in Frameworks */ = {isa = PBXBuildFile; fileRef = 6DDC9CD119DC523F002BBB4F /* CoreData.framework */; };
		6D12DE6919E2E59C001C11D6 /* libsqlite3.dylib in Frameworks */ = {isa = PBXBuildFile; fileRef = 6D70035B19BDC56A00AAC079 /* libsqlite3.dylib */; };
		6D12DE6A19E2E59C001C11D6 /* CoreGraphics.framework in Frameworks */ = {isa = PBXBuildFile; fileRef = 6DB12C7B19BDAB0A00B2BCC8 /* CoreGraphics.framework */; };
		6D12DE6B19E2E59C001C11D6 /* UIKit.framework in Frameworks */ = {isa = PBXBuildFile; fileRef = 6DB12C7D19BDAB0A00B2BCC8 /* UIKit.framework */; };
		6D12DE6C19E2E59C001C11D6 /* Foundation.framework in Frameworks */ = {isa = PBXBuildFile; fileRef = 6DB12C7919BDAB0A00B2BCC8 /* Foundation.framework */; };
		6D12DE6D19E2E59C001C11D6 /* libPods.a in Frameworks */ = {isa = PBXBuildFile; fileRef = 8DAD1DACEA824BEFAF35E1A5 /* libPods.a */; };
		6D12DE6F19E2E59C001C11D6 /* Images.xcassets in Resources */ = {isa = PBXBuildFile; fileRef = 6DB12C9419BDAB0B00B2BCC8 /* Images.xcassets */; };
		6D12DE7119E2E59C001C11D6 /* InfoPlist.strings in Resources */ = {isa = PBXBuildFile; fileRef = 6DB12C8219BDAB0A00B2BCC8 /* InfoPlist.strings */; };
		6D12DE7219E2E59C001C11D6 /* Localizable.strings in Resources */ = {isa = PBXBuildFile; fileRef = 6D57A4B519E03BE00099C96B /* Localizable.strings */; };
		6D12DE7319E2E59C001C11D6 /* LaunchScreen.storyboard in Resources */ = {isa = PBXBuildFile; fileRef = 6DDC9CDA19DC7CAB002BBB4F /* LaunchScreen.storyboard */; };
		6D12DE7419E2E59C001C11D6 /* mtgsearch.sqlite3 in Resources */ = {isa = PBXBuildFile; fileRef = 6D70035E19BDC65400AAC079 /* mtgsearch.sqlite3 */; };
		6D12DE7519E2E59C001C11D6 /* Main.storyboard in Resources */ = {isa = PBXBuildFile; fileRef = 6DB12C8B19BDAB0A00B2BCC8 /* Main.storyboard */; };
		6D25A10719DDD53600ACB73A /* DBCardCell.m in Sources */ = {isa = PBXBuildFile; fileRef = 6D25A10619DDD53600ACB73A /* DBCardCell.m */; };
		6D3B3F1B19E88708008BFB64 /* Crashlytics.framework in Frameworks */ = {isa = PBXBuildFile; fileRef = 6D3B3F1A19E88708008BFB64 /* Crashlytics.framework */; };
		6D3B3F1D19E88708008BFB64 /* Crashlytics.framework in Frameworks */ = {isa = PBXBuildFile; fileRef = 6D3B3F1A19E88708008BFB64 /* Crashlytics.framework */; };
		6D57A4B219E03BE00099C96B /* Localizable.strings in Resources */ = {isa = PBXBuildFile; fileRef = 6D57A4B519E03BE00099C96B /* Localizable.strings */; };
		6D70035C19BDC56A00AAC079 /* libsqlite3.dylib in Frameworks */ = {isa = PBXBuildFile; fileRef = 6D70035B19BDC56A00AAC079 /* libsqlite3.dylib */; };
		6D70035F19BDC65400AAC079 /* mtgsearch.sqlite3 in Resources */ = {isa = PBXBuildFile; fileRef = 6D70035E19BDC65400AAC079 /* mtgsearch.sqlite3 */; };
		6D70036219BDC69F00AAC079 /* CardsDatabase.m in Sources */ = {isa = PBXBuildFile; fileRef = 6D70036119BDC69F00AAC079 /* CardsDatabase.m */; };
		6D70036B19BDC89E00AAC079 /* MTGSet.m in Sources */ = {isa = PBXBuildFile; fileRef = 6D70036A19BDC89E00AAC079 /* MTGSet.m */; };
		6D70037319BDCF8F00AAC079 /* MTGCard.m in Sources */ = {isa = PBXBuildFile; fileRef = 6D70037219BDCF8F00AAC079 /* MTGCard.m */; };
		6D70037819BE2C0C00AAC079 /* DBSetPickerViewController.m in Sources */ = {isa = PBXBuildFile; fileRef = 6D70037719BE2C0C00AAC079 /* DBSetPickerViewController.m */; };
		6D70037D19BE840800AAC079 /* DBFilterViewController.m in Sources */ = {isa = PBXBuildFile; fileRef = 6D70037C19BE840800AAC079 /* DBFilterViewController.m */; };
		6D70038119BF380A00AAC079 /* CardFilter.m in Sources */ = {isa = PBXBuildFile; fileRef = 6D70038019BF380A00AAC079 /* CardFilter.m */; };
		6D70038519BF48BE00AAC079 /* DBCardsViewController.m in Sources */ = {isa = PBXBuildFile; fileRef = 6D70038419BF48BE00AAC079 /* DBCardsViewController.m */; };
		6D7C30B819CE390E00876B31 /* DBSettingsViewController.m in Sources */ = {isa = PBXBuildFile; fileRef = 6D7C30B719CE390E00876B31 /* DBSettingsViewController.m */; };
		6D7C30BF19CE417400876B31 /* DBSearchViewController.m in Sources */ = {isa = PBXBuildFile; fileRef = 6D7C30BE19CE417400876B31 /* DBSearchViewController.m */; };
		6D7C30C319CE48BD00876B31 /* UIViewController+FilterCards.m in Sources */ = {isa = PBXBuildFile; fileRef = 6D7C30C219CE48BD00876B31 /* UIViewController+FilterCards.m */; };
		6D835D4E19E58BED00F188DA /* DBCardViewController.m in Sources */ = {isa = PBXBuildFile; fileRef = 6D835D4D19E58BED00F188DA /* DBCardViewController.m */; };
		6D835D5019E58BED00F188DA /* DBCardViewController.m in Sources */ = {isa = PBXBuildFile; fileRef = 6D835D4D19E58BED00F188DA /* DBCardViewController.m */; };
		6DAB8DAC1A232F8B00AAB494 /* libnanostore2.a in Frameworks */ = {isa = PBXBuildFile; fileRef = 6DAB8DA91A232F8B00AAB494 /* libnanostore2.a */; };
		6DB12C7A19BDAB0A00B2BCC8 /* Foundation.framework in Frameworks */ = {isa = PBXBuildFile; fileRef = 6DB12C7919BDAB0A00B2BCC8 /* Foundation.framework */; };
		6DB12C7C19BDAB0A00B2BCC8 /* CoreGraphics.framework in Frameworks */ = {isa = PBXBuildFile; fileRef = 6DB12C7B19BDAB0A00B2BCC8 /* CoreGraphics.framework */; };
		6DB12C7E19BDAB0A00B2BCC8 /* UIKit.framework in Frameworks */ = {isa = PBXBuildFile; fileRef = 6DB12C7D19BDAB0A00B2BCC8 /* UIKit.framework */; };
		6DB12C8419BDAB0A00B2BCC8 /* InfoPlist.strings in Resources */ = {isa = PBXBuildFile; fileRef = 6DB12C8219BDAB0A00B2BCC8 /* InfoPlist.strings */; };
		6DB12C8619BDAB0A00B2BCC8 /* main.m in Sources */ = {isa = PBXBuildFile; fileRef = 6DB12C8519BDAB0A00B2BCC8 /* main.m */; };
		6DB12C8A19BDAB0A00B2BCC8 /* DBAppDelegate.m in Sources */ = {isa = PBXBuildFile; fileRef = 6DB12C8919BDAB0A00B2BCC8 /* DBAppDelegate.m */; };
		6DB12C8D19BDAB0A00B2BCC8 /* Main.storyboard in Resources */ = {isa = PBXBuildFile; fileRef = 6DB12C8B19BDAB0A00B2BCC8 /* Main.storyboard */; };
		6DB12C9019BDAB0A00B2BCC8 /* DBSetViewController.m in Sources */ = {isa = PBXBuildFile; fileRef = 6DB12C8F19BDAB0A00B2BCC8 /* DBSetViewController.m */; };
		6DB12C9519BDAB0B00B2BCC8 /* Images.xcassets in Resources */ = {isa = PBXBuildFile; fileRef = 6DB12C9419BDAB0B00B2BCC8 /* Images.xcassets */; };
		6DB12C9C19BDAB0B00B2BCC8 /* XCTest.framework in Frameworks */ = {isa = PBXBuildFile; fileRef = 6DB12C9B19BDAB0B00B2BCC8 /* XCTest.framework */; };
		6DB12C9D19BDAB0B00B2BCC8 /* Foundation.framework in Frameworks */ = {isa = PBXBuildFile; fileRef = 6DB12C7919BDAB0A00B2BCC8 /* Foundation.framework */; };
		6DB12C9E19BDAB0B00B2BCC8 /* UIKit.framework in Frameworks */ = {isa = PBXBuildFile; fileRef = 6DB12C7D19BDAB0A00B2BCC8 /* UIKit.framework */; };
		6DB12CA619BDAB0B00B2BCC8 /* InfoPlist.strings in Resources */ = {isa = PBXBuildFile; fileRef = 6DB12CA419BDAB0B00B2BCC8 /* InfoPlist.strings */; };
		6DB12CA819BDAB0B00B2BCC8 /* MTGSearchTests.m in Sources */ = {isa = PBXBuildFile; fileRef = 6DB12CA719BDAB0B00B2BCC8 /* MTGSearchTests.m */; };
		6DBEE8F219DC9D75009FC9BD /* UIViewController+NavBar.m in Sources */ = {isa = PBXBuildFile; fileRef = 6DBEE8F119DC9D75009FC9BD /* UIViewController+NavBar.m */; };
		6DC24CD61A1D415B00BF20DE /* DBSavedViewController.m in Sources */ = {isa = PBXBuildFile; fileRef = 6DC24CD51A1D415B00BF20DE /* DBSavedViewController.m */; };
		6DC24CD71A1D415B00BF20DE /* DBSavedViewController.m in Sources */ = {isa = PBXBuildFile; fileRef = 6DC24CD51A1D415B00BF20DE /* DBSavedViewController.m */; };
		6DC71D3A1A2D19F100423E61 /* DBPriceCardParser.m in Sources */ = {isa = PBXBuildFile; fileRef = 6DC71D391A2D19F100423E61 /* DBPriceCardParser.m */; };
		6DC71D3B1A2D19F100423E61 /* DBPriceCardParser.m in Sources */ = {isa = PBXBuildFile; fileRef = 6DC71D391A2D19F100423E61 /* DBPriceCardParser.m */; };
		6DC71D3E1A2D1A2400423E61 /* MTGCardPrice.m in Sources */ = {isa = PBXBuildFile; fileRef = 6DC71D3D1A2D1A2400423E61 /* MTGCardPrice.m */; };
		6DC71D3F1A2D1A2400423E61 /* MTGCardPrice.m in Sources */ = {isa = PBXBuildFile; fileRef = 6DC71D3D1A2D1A2400423E61 /* MTGCardPrice.m */; };
		6DC9540C19C0504F008640C7 /* DBFullCardCell.m in Sources */ = {isa = PBXBuildFile; fileRef = 6DC9540B19C0504F008640C7 /* DBFullCardCell.m */; };
		6DD55E501A25B631002BA504 /* fopenCompatibilityFix.c in Sources */ = {isa = PBXBuildFile; fileRef = 6D06F2871A23E10C00F5C34E /* fopenCompatibilityFix.c */; };
		6DDC9CD219DC523F002BBB4F /* CoreData.framework in Frameworks */ = {isa = PBXBuildFile; fileRef = 6DDC9CD119DC523F002BBB4F /* CoreData.framework */; };
		6DDC9CD419DC5246002BBB4F /* SystemConfiguration.framework in Frameworks */ = {isa = PBXBuildFile; fileRef = 6DDC9CD319DC5246002BBB4F /* SystemConfiguration.framework */; };
		6DDC9CD619DC524C002BBB4F /* libz.dylib in Frameworks */ = {isa = PBXBuildFile; fileRef = 6DDC9CD519DC524C002BBB4F /* libz.dylib */; };
		6DDC9CD919DC5406002BBB4F /* libGoogleAnalyticsServices.a in Frameworks */ = {isa = PBXBuildFile; fileRef = 6DDC9CD819DC5406002BBB4F /* libGoogleAnalyticsServices.a */; };
		6DDC9CDB19DC7CAB002BBB4F /* LaunchScreen.storyboard in Resources */ = {isa = PBXBuildFile; fileRef = 6DDC9CDA19DC7CAB002BBB4F /* LaunchScreen.storyboard */; };
		6DEA9B5A1A195AE200AF7D57 /* LocalDataProvider.m in Sources */ = {isa = PBXBuildFile; fileRef = 6DEA9B591A195AE200AF7D57 /* LocalDataProvider.m */; };
		6DEA9B5B1A195AE200AF7D57 /* LocalDataProvider.m in Sources */ = {isa = PBXBuildFile; fileRef = 6DEA9B591A195AE200AF7D57 /* LocalDataProvider.m */; };
		92434AB9211B463A8792252B /* libPods.a in Frameworks */ = {isa = PBXBuildFile; fileRef = 8DAD1DACEA824BEFAF35E1A5 /* libPods.a */; };
/* End PBXBuildFile section */

/* Begin PBXContainerItemProxy section */
		6DB12C9F19BDAB0B00B2BCC8 /* PBXContainerItemProxy */ = {
			isa = PBXContainerItemProxy;
			containerPortal = 6DB12C6E19BDAB0A00B2BCC8 /* Project object */;
			proxyType = 1;
			remoteGlobalIDString = 6DB12C7519BDAB0A00B2BCC8;
			remoteInfo = MTGSearch;
		};
/* End PBXContainerItemProxy section */

/* Begin PBXFileReference section */
		4A4F24BAB8BB2153D5F9F6F5 /* Pods.release.xcconfig */ = {isa = PBXFileReference; includeInIndex = 1; lastKnownFileType = text.xcconfig; name = Pods.release.xcconfig; path = "Pods/Target Support Files/Pods/Pods.release.xcconfig"; sourceTree = "<group>"; };
		6D0128B719E180A30047C117 /* libPods-MBProgressHUD.a */ = {isa = PBXFileReference; lastKnownFileType = archive.ar; name = "libPods-MBProgressHUD.a"; path = "Pods/build/Debug-iphoneos/libPods-MBProgressHUD.a"; sourceTree = "<group>"; };
		6D0128B919E180A70047C117 /* libPods-AFNetworking.a */ = {isa = PBXFileReference; lastKnownFileType = archive.ar; name = "libPods-AFNetworking.a"; path = "Pods/build/Debug-iphoneos/libPods-AFNetworking.a"; sourceTree = "<group>"; };
		6D0128E919E180E00047C117 /* MTGSearch copy-Info.plist */ = {isa = PBXFileReference; lastKnownFileType = text.plist.xml; name = "MTGSearch copy-Info.plist"; path = "/Users/danielebottillo/XCodeProjects/MTGSearch/MTGSearch copy-Info.plist"; sourceTree = "<absolute>"; };
		6D0128F019E19B2B0047C117 /* HSLaunchScreen.storyboard */ = {isa = PBXFileReference; fileEncoding = 4; lastKnownFileType = file.storyboard; path = HSLaunchScreen.storyboard; sourceTree = "<group>"; };
		6D06F2871A23E10C00F5C34E /* fopenCompatibilityFix.c */ = {isa = PBXFileReference; fileEncoding = 4; lastKnownFileType = sourcecode.c.c; path = fopenCompatibilityFix.c; sourceTree = "<group>"; };
		6D06F2881A23E10C00F5C34E /* NanoStore.h */ = {isa = PBXFileReference; fileEncoding = 4; lastKnownFileType = sourcecode.c.h; path = NanoStore.h; sourceTree = "<group>"; };
		6D06F2891A23E10C00F5C34E /* NSFNanoBag.h */ = {isa = PBXFileReference; fileEncoding = 4; lastKnownFileType = sourcecode.c.h; path = NSFNanoBag.h; sourceTree = "<group>"; };
		6D06F28A1A23E10C00F5C34E /* NSFNanoEngine.h */ = {isa = PBXFileReference; fileEncoding = 4; lastKnownFileType = sourcecode.c.h; path = NSFNanoEngine.h; sourceTree = "<group>"; };
		6D06F28B1A23E10C00F5C34E /* NSFNanoExpression.h */ = {isa = PBXFileReference; fileEncoding = 4; lastKnownFileType = sourcecode.c.h; path = NSFNanoExpression.h; sourceTree = "<group>"; };
		6D06F28C1A23E10C00F5C34E /* NSFNanoGlobals.h */ = {isa = PBXFileReference; fileEncoding = 4; lastKnownFileType = sourcecode.c.h; path = NSFNanoGlobals.h; sourceTree = "<group>"; };
		6D06F28D1A23E10C00F5C34E /* NSFNanoObject.h */ = {isa = PBXFileReference; fileEncoding = 4; lastKnownFileType = sourcecode.c.h; path = NSFNanoObject.h; sourceTree = "<group>"; };
		6D06F28E1A23E10C00F5C34E /* NSFNanoObjectProtocol.h */ = {isa = PBXFileReference; fileEncoding = 4; lastKnownFileType = sourcecode.c.h; path = NSFNanoObjectProtocol.h; sourceTree = "<group>"; };
		6D06F28F1A23E10C00F5C34E /* NSFNanoPredicate.h */ = {isa = PBXFileReference; fileEncoding = 4; lastKnownFileType = sourcecode.c.h; path = NSFNanoPredicate.h; sourceTree = "<group>"; };
		6D06F2901A23E10C00F5C34E /* NSFNanoResult.h */ = {isa = PBXFileReference; fileEncoding = 4; lastKnownFileType = sourcecode.c.h; path = NSFNanoResult.h; sourceTree = "<group>"; };
		6D06F2911A23E10C00F5C34E /* NSFNanoSearch.h */ = {isa = PBXFileReference; fileEncoding = 4; lastKnownFileType = sourcecode.c.h; path = NSFNanoSearch.h; sourceTree = "<group>"; };
		6D06F2921A23E10C00F5C34E /* NSFNanoSortDescriptor.h */ = {isa = PBXFileReference; fileEncoding = 4; lastKnownFileType = sourcecode.c.h; path = NSFNanoSortDescriptor.h; sourceTree = "<group>"; };
		6D06F2931A23E10C00F5C34E /* NSFNanoStore.h */ = {isa = PBXFileReference; fileEncoding = 4; lastKnownFileType = sourcecode.c.h; path = NSFNanoStore.h; sourceTree = "<group>"; };
		6D06F2951A23E10C00F5C34E /* libnanostore2.a */ = {isa = PBXFileReference; lastKnownFileType = archive.ar; path = libnanostore2.a; sourceTree = "<group>"; };
		6D12DE7A19E2E59C001C11D6 /* MTGSearch copy.app */ = {isa = PBXFileReference; explicitFileType = wrapper.application; includeInIndex = 0; path = "MTGSearch copy.app"; sourceTree = BUILT_PRODUCTS_DIR; };
		6D12DE7B19E2E59C001C11D6 /* MTGSearch copy2-Info.plist */ = {isa = PBXFileReference; lastKnownFileType = text.plist.xml; name = "MTGSearch copy2-Info.plist"; path = "/Users/danielebottillo/XCodeProjects/MTGSearch/MTGSearch copy2-Info.plist"; sourceTree = "<absolute>"; };
		6D12DEAD19E33E0A001C11D6 /* HSSearch copy-Info.plist */ = {isa = PBXFileReference; lastKnownFileType = text.plist.xml; name = "HSSearch copy-Info.plist"; path = "/Users/danielebottillo/XCodeProjects/MTGSearch/HSSearch copy-Info.plist"; sourceTree = "<absolute>"; };
		6D25A10519DDD53600ACB73A /* DBCardCell.h */ = {isa = PBXFileReference; fileEncoding = 4; lastKnownFileType = sourcecode.c.h; path = DBCardCell.h; sourceTree = "<group>"; };
		6D25A10619DDD53600ACB73A /* DBCardCell.m */ = {isa = PBXFileReference; fileEncoding = 4; lastKnownFileType = sourcecode.c.objc; path = DBCardCell.m; sourceTree = "<group>"; };
		6D3B3F1A19E88708008BFB64 /* Crashlytics.framework */ = {isa = PBXFileReference; lastKnownFileType = wrapper.framework; path = Crashlytics.framework; sourceTree = "<group>"; };
		6D57A4A619E023A20099C96B /* it */ = {isa = PBXFileReference; lastKnownFileType = text.plist.strings; name = it; path = it.lproj/Main.strings; sourceTree = "<group>"; };
		6D57A4A719E023A20099C96B /* it */ = {isa = PBXFileReference; lastKnownFileType = text.plist.strings; name = it; path = it.lproj/InfoPlist.strings; sourceTree = "<group>"; };
		6D57A4A819E023A20099C96B /* it */ = {isa = PBXFileReference; lastKnownFileType = text.plist.strings; name = it; path = it.lproj/InfoPlist.strings; sourceTree = "<group>"; };
		6D57A4B419E03BE00099C96B /* Base */ = {isa = PBXFileReference; lastKnownFileType = text.plist.strings; name = Base; path = Base.lproj/Localizable.strings; sourceTree = "<group>"; };
		6D57A4B619E03BE30099C96B /* en */ = {isa = PBXFileReference; lastKnownFileType = text.plist.strings; name = en; path = en.lproj/Localizable.strings; sourceTree = "<group>"; };
		6D57A4B719E03BE30099C96B /* it */ = {isa = PBXFileReference; lastKnownFileType = text.plist.strings; name = it; path = it.lproj/Localizable.strings; sourceTree = "<group>"; };
		6D70035A19BDC27C00AAC079 /* HSSearch.plist */ = {isa = PBXFileReference; lastKnownFileType = text.plist.xml; name = HSSearch.plist; path = /Users/danielebottillo/XCodeProjects/MTGSearch/HSSearch.plist; sourceTree = "<absolute>"; };
		6D70035B19BDC56A00AAC079 /* libsqlite3.dylib */ = {isa = PBXFileReference; lastKnownFileType = "compiled.mach-o.dylib"; name = libsqlite3.dylib; path = usr/lib/libsqlite3.dylib; sourceTree = SDKROOT; };
		6D70035E19BDC65400AAC079 /* mtgsearch.sqlite3 */ = {isa = PBXFileReference; lastKnownFileType = file; path = mtgsearch.sqlite3; sourceTree = "<group>"; };
		6D70036019BDC69F00AAC079 /* CardsDatabase.h */ = {isa = PBXFileReference; fileEncoding = 4; lastKnownFileType = sourcecode.c.h; path = CardsDatabase.h; sourceTree = "<group>"; };
		6D70036119BDC69F00AAC079 /* CardsDatabase.m */ = {isa = PBXFileReference; fileEncoding = 4; lastKnownFileType = sourcecode.c.objc; path = CardsDatabase.m; sourceTree = "<group>"; };
		6D70036919BDC89E00AAC079 /* MTGSet.h */ = {isa = PBXFileReference; fileEncoding = 4; lastKnownFileType = sourcecode.c.h; path = MTGSet.h; sourceTree = "<group>"; };
		6D70036A19BDC89E00AAC079 /* MTGSet.m */ = {isa = PBXFileReference; fileEncoding = 4; lastKnownFileType = sourcecode.c.objc; path = MTGSet.m; sourceTree = "<group>"; };
		6D70037119BDCF8F00AAC079 /* MTGCard.h */ = {isa = PBXFileReference; fileEncoding = 4; lastKnownFileType = sourcecode.c.h; path = MTGCard.h; sourceTree = "<group>"; };
		6D70037219BDCF8F00AAC079 /* MTGCard.m */ = {isa = PBXFileReference; fileEncoding = 4; lastKnownFileType = sourcecode.c.objc; path = MTGCard.m; sourceTree = "<group>"; };
		6D70037619BE2C0C00AAC079 /* DBSetPickerViewController.h */ = {isa = PBXFileReference; fileEncoding = 4; lastKnownFileType = sourcecode.c.h; path = DBSetPickerViewController.h; sourceTree = "<group>"; };
		6D70037719BE2C0C00AAC079 /* DBSetPickerViewController.m */ = {isa = PBXFileReference; fileEncoding = 4; lastKnownFileType = sourcecode.c.objc; path = DBSetPickerViewController.m; sourceTree = "<group>"; };
		6D70037B19BE840800AAC079 /* DBFilterViewController.h */ = {isa = PBXFileReference; fileEncoding = 4; lastKnownFileType = sourcecode.c.h; path = DBFilterViewController.h; sourceTree = "<group>"; };
		6D70037C19BE840800AAC079 /* DBFilterViewController.m */ = {isa = PBXFileReference; fileEncoding = 4; lastKnownFileType = sourcecode.c.objc; path = DBFilterViewController.m; sourceTree = "<group>"; };
		6D70037F19BF380A00AAC079 /* CardFilter.h */ = {isa = PBXFileReference; fileEncoding = 4; lastKnownFileType = sourcecode.c.h; path = CardFilter.h; sourceTree = "<group>"; };
		6D70038019BF380A00AAC079 /* CardFilter.m */ = {isa = PBXFileReference; fileEncoding = 4; lastKnownFileType = sourcecode.c.objc; path = CardFilter.m; sourceTree = "<group>"; };
		6D70038319BF48BE00AAC079 /* DBCardsViewController.h */ = {isa = PBXFileReference; fileEncoding = 4; lastKnownFileType = sourcecode.c.h; path = DBCardsViewController.h; sourceTree = "<group>"; };
		6D70038419BF48BE00AAC079 /* DBCardsViewController.m */ = {isa = PBXFileReference; fileEncoding = 4; lastKnownFileType = sourcecode.c.objc; path = DBCardsViewController.m; sourceTree = "<group>"; };
		6D7C30AC19CC6E6C00876B31 /* QuartzCore.framework */ = {isa = PBXFileReference; lastKnownFileType = wrapper.framework; name = QuartzCore.framework; path = System/Library/Frameworks/QuartzCore.framework; sourceTree = SDKROOT; };
		6D7C30B619CE390E00876B31 /* DBSettingsViewController.h */ = {isa = PBXFileReference; fileEncoding = 4; lastKnownFileType = sourcecode.c.h; path = DBSettingsViewController.h; sourceTree = "<group>"; };
		6D7C30B719CE390E00876B31 /* DBSettingsViewController.m */ = {isa = PBXFileReference; fileEncoding = 4; lastKnownFileType = sourcecode.c.objc; path = DBSettingsViewController.m; sourceTree = "<group>"; };
		6D7C30BD19CE417400876B31 /* DBSearchViewController.h */ = {isa = PBXFileReference; fileEncoding = 4; lastKnownFileType = sourcecode.c.h; path = DBSearchViewController.h; sourceTree = "<group>"; };
		6D7C30BE19CE417400876B31 /* DBSearchViewController.m */ = {isa = PBXFileReference; fileEncoding = 4; lastKnownFileType = sourcecode.c.objc; path = DBSearchViewController.m; sourceTree = "<group>"; };
		6D7C30C119CE48BD00876B31 /* UIViewController+FilterCards.h */ = {isa = PBXFileReference; fileEncoding = 4; lastKnownFileType = sourcecode.c.h; path = "UIViewController+FilterCards.h"; sourceTree = "<group>"; };
		6D7C30C219CE48BD00876B31 /* UIViewController+FilterCards.m */ = {isa = PBXFileReference; fileEncoding = 4; lastKnownFileType = sourcecode.c.objc; path = "UIViewController+FilterCards.m"; sourceTree = "<group>"; };
		6D835D4C19E58BED00F188DA /* DBCardViewController.h */ = {isa = PBXFileReference; fileEncoding = 4; lastKnownFileType = sourcecode.c.h; path = DBCardViewController.h; sourceTree = "<group>"; };
		6D835D4D19E58BED00F188DA /* DBCardViewController.m */ = {isa = PBXFileReference; fileEncoding = 4; lastKnownFileType = sourcecode.c.objc; path = DBCardViewController.m; sourceTree = "<group>"; };
		6DAB8DA91A232F8B00AAB494 /* libnanostore2.a */ = {isa = PBXFileReference; lastKnownFileType = archive.ar; path = libnanostore2.a; sourceTree = "<group>"; };
		6DB12C7619BDAB0A00B2BCC8 /* MTGSearch.app */ = {isa = PBXFileReference; explicitFileType = wrapper.application; includeInIndex = 0; path = MTGSearch.app; sourceTree = BUILT_PRODUCTS_DIR; };
		6DB12C7919BDAB0A00B2BCC8 /* Foundation.framework */ = {isa = PBXFileReference; lastKnownFileType = wrapper.framework; name = Foundation.framework; path = System/Library/Frameworks/Foundation.framework; sourceTree = SDKROOT; };
		6DB12C7B19BDAB0A00B2BCC8 /* CoreGraphics.framework */ = {isa = PBXFileReference; lastKnownFileType = wrapper.framework; name = CoreGraphics.framework; path = System/Library/Frameworks/CoreGraphics.framework; sourceTree = SDKROOT; };
		6DB12C7D19BDAB0A00B2BCC8 /* UIKit.framework */ = {isa = PBXFileReference; lastKnownFileType = wrapper.framework; name = UIKit.framework; path = System/Library/Frameworks/UIKit.framework; sourceTree = SDKROOT; };
		6DB12C8119BDAB0A00B2BCC8 /* MTGSearch-Info.plist */ = {isa = PBXFileReference; lastKnownFileType = text.plist.xml; path = "MTGSearch-Info.plist"; sourceTree = "<group>"; };
		6DB12C8319BDAB0A00B2BCC8 /* en */ = {isa = PBXFileReference; lastKnownFileType = text.plist.strings; name = en; path = en.lproj/InfoPlist.strings; sourceTree = "<group>"; };
		6DB12C8519BDAB0A00B2BCC8 /* main.m */ = {isa = PBXFileReference; lastKnownFileType = sourcecode.c.objc; path = main.m; sourceTree = "<group>"; };
		6DB12C8719BDAB0A00B2BCC8 /* MTGSearch-Prefix.pch */ = {isa = PBXFileReference; lastKnownFileType = sourcecode.c.h; path = "MTGSearch-Prefix.pch"; sourceTree = "<group>"; };
		6DB12C8819BDAB0A00B2BCC8 /* DBAppDelegate.h */ = {isa = PBXFileReference; lastKnownFileType = sourcecode.c.h; path = DBAppDelegate.h; sourceTree = "<group>"; };
		6DB12C8919BDAB0A00B2BCC8 /* DBAppDelegate.m */ = {isa = PBXFileReference; lastKnownFileType = sourcecode.c.objc; path = DBAppDelegate.m; sourceTree = "<group>"; };
		6DB12C8C19BDAB0A00B2BCC8 /* Base */ = {isa = PBXFileReference; lastKnownFileType = file.storyboard; name = Base; path = Base.lproj/Main.storyboard; sourceTree = "<group>"; };
		6DB12C8E19BDAB0A00B2BCC8 /* DBSetViewController.h */ = {isa = PBXFileReference; lastKnownFileType = sourcecode.c.h; path = DBSetViewController.h; sourceTree = "<group>"; };
		6DB12C8F19BDAB0A00B2BCC8 /* DBSetViewController.m */ = {isa = PBXFileReference; lastKnownFileType = sourcecode.c.objc; path = DBSetViewController.m; sourceTree = "<group>"; };
		6DB12C9419BDAB0B00B2BCC8 /* Images.xcassets */ = {isa = PBXFileReference; lastKnownFileType = folder.assetcatalog; path = Images.xcassets; sourceTree = "<group>"; };
		6DB12C9A19BDAB0B00B2BCC8 /* MTGSearchTests.xctest */ = {isa = PBXFileReference; explicitFileType = wrapper.cfbundle; includeInIndex = 0; path = MTGSearchTests.xctest; sourceTree = BUILT_PRODUCTS_DIR; };
		6DB12C9B19BDAB0B00B2BCC8 /* XCTest.framework */ = {isa = PBXFileReference; lastKnownFileType = wrapper.framework; name = XCTest.framework; path = Library/Frameworks/XCTest.framework; sourceTree = DEVELOPER_DIR; };
		6DB12CA319BDAB0B00B2BCC8 /* MTGSearchTests-Info.plist */ = {isa = PBXFileReference; lastKnownFileType = text.plist.xml; path = "MTGSearchTests-Info.plist"; sourceTree = "<group>"; };
		6DB12CA519BDAB0B00B2BCC8 /* en */ = {isa = PBXFileReference; lastKnownFileType = text.plist.strings; name = en; path = en.lproj/InfoPlist.strings; sourceTree = "<group>"; };
		6DB12CA719BDAB0B00B2BCC8 /* MTGSearchTests.m */ = {isa = PBXFileReference; lastKnownFileType = sourcecode.c.objc; path = MTGSearchTests.m; sourceTree = "<group>"; };
		6DBEE8F019DC9D75009FC9BD /* UIViewController+NavBar.h */ = {isa = PBXFileReference; fileEncoding = 4; lastKnownFileType = sourcecode.c.h; path = "UIViewController+NavBar.h"; sourceTree = "<group>"; };
		6DBEE8F119DC9D75009FC9BD /* UIViewController+NavBar.m */ = {isa = PBXFileReference; fileEncoding = 4; lastKnownFileType = sourcecode.c.objc; path = "UIViewController+NavBar.m"; sourceTree = "<group>"; };
		6DC24CD41A1D415B00BF20DE /* DBSavedViewController.h */ = {isa = PBXFileReference; fileEncoding = 4; lastKnownFileType = sourcecode.c.h; path = DBSavedViewController.h; sourceTree = "<group>"; };
		6DC24CD51A1D415B00BF20DE /* DBSavedViewController.m */ = {isa = PBXFileReference; fileEncoding = 4; lastKnownFileType = sourcecode.c.objc; path = DBSavedViewController.m; sourceTree = "<group>"; };
		6DC71D381A2D19F100423E61 /* DBPriceCardParser.h */ = {isa = PBXFileReference; fileEncoding = 4; lastKnownFileType = sourcecode.c.h; path = DBPriceCardParser.h; sourceTree = "<group>"; };
		6DC71D391A2D19F100423E61 /* DBPriceCardParser.m */ = {isa = PBXFileReference; fileEncoding = 4; lastKnownFileType = sourcecode.c.objc; path = DBPriceCardParser.m; sourceTree = "<group>"; };
		6DC71D3C1A2D1A2400423E61 /* MTGCardPrice.h */ = {isa = PBXFileReference; fileEncoding = 4; lastKnownFileType = sourcecode.c.h; path = MTGCardPrice.h; sourceTree = "<group>"; };
		6DC71D3D1A2D1A2400423E61 /* MTGCardPrice.m */ = {isa = PBXFileReference; fileEncoding = 4; lastKnownFileType = sourcecode.c.objc; path = MTGCardPrice.m; sourceTree = "<group>"; };
		6DC9540A19C0504F008640C7 /* DBFullCardCell.h */ = {isa = PBXFileReference; fileEncoding = 4; lastKnownFileType = sourcecode.c.h; path = DBFullCardCell.h; sourceTree = "<group>"; };
		6DC9540B19C0504F008640C7 /* DBFullCardCell.m */ = {isa = PBXFileReference; fileEncoding = 4; lastKnownFileType = sourcecode.c.objc; path = DBFullCardCell.m; sourceTree = "<group>"; };
		6DDC9CC619DC5214002BBB4F /* GAI.h */ = {isa = PBXFileReference; fileEncoding = 4; lastKnownFileType = sourcecode.c.h; path = GAI.h; sourceTree = "<group>"; };
		6DDC9CC719DC5214002BBB4F /* GAIDictionaryBuilder.h */ = {isa = PBXFileReference; fileEncoding = 4; lastKnownFileType = sourcecode.c.h; path = GAIDictionaryBuilder.h; sourceTree = "<group>"; };
		6DDC9CC819DC5214002BBB4F /* GAIEcommerceFields.h */ = {isa = PBXFileReference; fileEncoding = 4; lastKnownFileType = sourcecode.c.h; path = GAIEcommerceFields.h; sourceTree = "<group>"; };
		6DDC9CC919DC5214002BBB4F /* GAIEcommerceProduct.h */ = {isa = PBXFileReference; fileEncoding = 4; lastKnownFileType = sourcecode.c.h; path = GAIEcommerceProduct.h; sourceTree = "<group>"; };
		6DDC9CCA19DC5214002BBB4F /* GAIEcommerceProductAction.h */ = {isa = PBXFileReference; fileEncoding = 4; lastKnownFileType = sourcecode.c.h; path = GAIEcommerceProductAction.h; sourceTree = "<group>"; };
		6DDC9CCB19DC5214002BBB4F /* GAIEcommercePromotion.h */ = {isa = PBXFileReference; fileEncoding = 4; lastKnownFileType = sourcecode.c.h; path = GAIEcommercePromotion.h; sourceTree = "<group>"; };
		6DDC9CCC19DC5214002BBB4F /* GAIFields.h */ = {isa = PBXFileReference; fileEncoding = 4; lastKnownFileType = sourcecode.c.h; path = GAIFields.h; sourceTree = "<group>"; };
		6DDC9CCD19DC5214002BBB4F /* GAILogger.h */ = {isa = PBXFileReference; fileEncoding = 4; lastKnownFileType = sourcecode.c.h; path = GAILogger.h; sourceTree = "<group>"; };
		6DDC9CCE19DC5214002BBB4F /* GAITrackedViewController.h */ = {isa = PBXFileReference; fileEncoding = 4; lastKnownFileType = sourcecode.c.h; path = GAITrackedViewController.h; sourceTree = "<group>"; };
		6DDC9CCF19DC5214002BBB4F /* GAITracker.h */ = {isa = PBXFileReference; fileEncoding = 4; lastKnownFileType = sourcecode.c.h; path = GAITracker.h; sourceTree = "<group>"; };
		6DDC9CD119DC523F002BBB4F /* CoreData.framework */ = {isa = PBXFileReference; lastKnownFileType = wrapper.framework; name = CoreData.framework; path = System/Library/Frameworks/CoreData.framework; sourceTree = SDKROOT; };
		6DDC9CD319DC5246002BBB4F /* SystemConfiguration.framework */ = {isa = PBXFileReference; lastKnownFileType = wrapper.framework; name = SystemConfiguration.framework; path = System/Library/Frameworks/SystemConfiguration.framework; sourceTree = SDKROOT; };
		6DDC9CD519DC524C002BBB4F /* libz.dylib */ = {isa = PBXFileReference; lastKnownFileType = "compiled.mach-o.dylib"; name = libz.dylib; path = usr/lib/libz.dylib; sourceTree = SDKROOT; };
		6DDC9CD819DC5406002BBB4F /* libGoogleAnalyticsServices.a */ = {isa = PBXFileReference; lastKnownFileType = archive.ar; path = libGoogleAnalyticsServices.a; sourceTree = "<group>"; };
		6DDC9CDA19DC7CAB002BBB4F /* LaunchScreen.storyboard */ = {isa = PBXFileReference; fileEncoding = 4; lastKnownFileType = file.storyboard; path = LaunchScreen.storyboard; sourceTree = "<group>"; };
		6DEA9B581A195AE200AF7D57 /* LocalDataProvider.h */ = {isa = PBXFileReference; fileEncoding = 4; lastKnownFileType = sourcecode.c.h; path = LocalDataProvider.h; sourceTree = "<group>"; };
		6DEA9B591A195AE200AF7D57 /* LocalDataProvider.m */ = {isa = PBXFileReference; fileEncoding = 4; lastKnownFileType = sourcecode.c.objc; path = LocalDataProvider.m; sourceTree = "<group>"; };
		8DAD1DACEA824BEFAF35E1A5 /* libPods.a */ = {isa = PBXFileReference; explicitFileType = archive.ar; includeInIndex = 0; path = libPods.a; sourceTree = BUILT_PRODUCTS_DIR; };
		905B74DA559DF9384B07BA7E /* Pods.debug.xcconfig */ = {isa = PBXFileReference; includeInIndex = 1; lastKnownFileType = text.xcconfig; name = Pods.debug.xcconfig; path = "Pods/Target Support Files/Pods/Pods.debug.xcconfig"; sourceTree = "<group>"; };
/* End PBXFileReference section */

/* Begin PBXFrameworksBuildPhase section */
		6D12DE6419E2E59C001C11D6 /* Frameworks */ = {
			isa = PBXFrameworksBuildPhase;
			buildActionMask = 2147483647;
			files = (
				6D06F2991A23E10C00F5C34E /* libnanostore2.a in Frameworks */,
				6D12DE6519E2E59C001C11D6 /* libz.dylib in Frameworks */,
				6D12DE6619E2E59C001C11D6 /* SystemConfiguration.framework in Frameworks */,
				6D12DE6719E2E59C001C11D6 /* libGoogleAnalyticsServices.a in Frameworks */,
				6D12DE6819E2E59C001C11D6 /* CoreData.framework in Frameworks */,
				6D12DE6919E2E59C001C11D6 /* libsqlite3.dylib in Frameworks */,
				6D12DE6A19E2E59C001C11D6 /* CoreGraphics.framework in Frameworks */,
				6D3B3F1D19E88708008BFB64 /* Crashlytics.framework in Frameworks */,
				6D12DE6B19E2E59C001C11D6 /* UIKit.framework in Frameworks */,
				6D12DE6C19E2E59C001C11D6 /* Foundation.framework in Frameworks */,
				6D12DE6D19E2E59C001C11D6 /* libPods.a in Frameworks */,
			);
			runOnlyForDeploymentPostprocessing = 0;
		};
		6DB12C7319BDAB0A00B2BCC8 /* Frameworks */ = {
			isa = PBXFrameworksBuildPhase;
			buildActionMask = 2147483647;
			files = (
				6DAB8DAC1A232F8B00AAB494 /* libnanostore2.a in Frameworks */,
				6DDC9CD619DC524C002BBB4F /* libz.dylib in Frameworks */,
				6DDC9CD419DC5246002BBB4F /* SystemConfiguration.framework in Frameworks */,
				6DDC9CD919DC5406002BBB4F /* libGoogleAnalyticsServices.a in Frameworks */,
				6DDC9CD219DC523F002BBB4F /* CoreData.framework in Frameworks */,
				6D70035C19BDC56A00AAC079 /* libsqlite3.dylib in Frameworks */,
				6DB12C7C19BDAB0A00B2BCC8 /* CoreGraphics.framework in Frameworks */,
				6D3B3F1B19E88708008BFB64 /* Crashlytics.framework in Frameworks */,
				6DB12C7E19BDAB0A00B2BCC8 /* UIKit.framework in Frameworks */,
				6DB12C7A19BDAB0A00B2BCC8 /* Foundation.framework in Frameworks */,
				92434AB9211B463A8792252B /* libPods.a in Frameworks */,
			);
			runOnlyForDeploymentPostprocessing = 0;
		};
		6DB12C9719BDAB0B00B2BCC8 /* Frameworks */ = {
			isa = PBXFrameworksBuildPhase;
			buildActionMask = 2147483647;
			files = (
				6DB12C9C19BDAB0B00B2BCC8 /* XCTest.framework in Frameworks */,
				6DB12C9E19BDAB0B00B2BCC8 /* UIKit.framework in Frameworks */,
				6DB12C9D19BDAB0B00B2BCC8 /* Foundation.framework in Frameworks */,
			);
			runOnlyForDeploymentPostprocessing = 0;
		};
/* End PBXFrameworksBuildPhase section */

/* Begin PBXGroup section */
		6D06F2841A23E10C00F5C34E /* NanoStore2 */ = {
			isa = PBXGroup;
			children = (
				6D06F2851A23E10C00F5C34E /* Release */,
			);
			name = NanoStore2;
			path = Distribution/NanoStore2;
			sourceTree = "<group>";
		};
		6D06F2851A23E10C00F5C34E /* Release */ = {
			isa = PBXGroup;
			children = (
				6D06F2861A23E10C00F5C34E /* Headers */,
				6D06F2941A23E10C00F5C34E /* Library */,
			);
			path = Release;
			sourceTree = "<group>";
		};
		6D06F2861A23E10C00F5C34E /* Headers */ = {
			isa = PBXGroup;
			children = (
				6D06F2871A23E10C00F5C34E /* fopenCompatibilityFix.c */,
				6D06F2881A23E10C00F5C34E /* NanoStore.h */,
				6D06F2891A23E10C00F5C34E /* NSFNanoBag.h */,
				6D06F28A1A23E10C00F5C34E /* NSFNanoEngine.h */,
				6D06F28B1A23E10C00F5C34E /* NSFNanoExpression.h */,
				6D06F28C1A23E10C00F5C34E /* NSFNanoGlobals.h */,
				6D06F28D1A23E10C00F5C34E /* NSFNanoObject.h */,
				6D06F28E1A23E10C00F5C34E /* NSFNanoObjectProtocol.h */,
				6D06F28F1A23E10C00F5C34E /* NSFNanoPredicate.h */,
				6D06F2901A23E10C00F5C34E /* NSFNanoResult.h */,
				6D06F2911A23E10C00F5C34E /* NSFNanoSearch.h */,
				6D06F2921A23E10C00F5C34E /* NSFNanoSortDescriptor.h */,
				6D06F2931A23E10C00F5C34E /* NSFNanoStore.h */,
			);
			path = Headers;
			sourceTree = "<group>";
		};
		6D06F2941A23E10C00F5C34E /* Library */ = {
			isa = PBXGroup;
			children = (
				6D06F2951A23E10C00F5C34E /* libnanostore2.a */,
			);
			path = Library;
			sourceTree = "<group>";
		};
		6D70035D19BDC64100AAC079 /* Resources */ = {
			isa = PBXGroup;
			children = (
				6D70035E19BDC65400AAC079 /* mtgsearch.sqlite3 */,
			);
			name = Resources;
			sourceTree = "<group>";
		};
		6D70036419BDC84400AAC079 /* Data Provider */ = {
			isa = PBXGroup;
			children = (
				6DC71D3C1A2D1A2400423E61 /* MTGCardPrice.h */,
				6DC71D3D1A2D1A2400423E61 /* MTGCardPrice.m */,
				6D70036019BDC69F00AAC079 /* CardsDatabase.h */,
				6D70036119BDC69F00AAC079 /* CardsDatabase.m */,
				6D70036919BDC89E00AAC079 /* MTGSet.h */,
				6D70036A19BDC89E00AAC079 /* MTGSet.m */,
				6D70037119BDCF8F00AAC079 /* MTGCard.h */,
				6D70037219BDCF8F00AAC079 /* MTGCard.m */,
				6DEA9B581A195AE200AF7D57 /* LocalDataProvider.h */,
				6DEA9B591A195AE200AF7D57 /* LocalDataProvider.m */,
			);
			name = "Data Provider";
			sourceTree = "<group>";
		};
		6D70037519BE2BEA00AAC079 /* Sets */ = {
			isa = PBXGroup;
			children = (
				6DB12C8E19BDAB0A00B2BCC8 /* DBSetViewController.h */,
				6DB12C8F19BDAB0A00B2BCC8 /* DBSetViewController.m */,
				6D70037619BE2C0C00AAC079 /* DBSetPickerViewController.h */,
				6D70037719BE2C0C00AAC079 /* DBSetPickerViewController.m */,
				6D7C30C119CE48BD00876B31 /* UIViewController+FilterCards.h */,
				6D7C30C219CE48BD00876B31 /* UIViewController+FilterCards.m */,
				6D25A10519DDD53600ACB73A /* DBCardCell.h */,
				6D25A10619DDD53600ACB73A /* DBCardCell.m */,
			);
			name = Sets;
			sourceTree = "<group>";
		};
		6D70037A19BE83FA00AAC079 /* Filter */ = {
			isa = PBXGroup;
			children = (
				6D70037B19BE840800AAC079 /* DBFilterViewController.h */,
				6D70037C19BE840800AAC079 /* DBFilterViewController.m */,
				6D70037F19BF380A00AAC079 /* CardFilter.h */,
				6D70038019BF380A00AAC079 /* CardFilter.m */,
			);
			name = Filter;
			sourceTree = "<group>";
		};
		6D7C30B519CE38FD00876B31 /* Settings */ = {
			isa = PBXGroup;
			children = (
				6D7C30B619CE390E00876B31 /* DBSettingsViewController.h */,
				6D7C30B719CE390E00876B31 /* DBSettingsViewController.m */,
			);
			name = Settings;
			sourceTree = "<group>";
		};
		6D7C30BB19CE40E800876B31 /* Cards */ = {
			isa = PBXGroup;
			children = (
				6D70038319BF48BE00AAC079 /* DBCardsViewController.h */,
				6D70038419BF48BE00AAC079 /* DBCardsViewController.m */,
				6DC9540A19C0504F008640C7 /* DBFullCardCell.h */,
				6DC9540B19C0504F008640C7 /* DBFullCardCell.m */,
				6D835D4C19E58BED00F188DA /* DBCardViewController.h */,
				6D835D4D19E58BED00F188DA /* DBCardViewController.m */,
				6DC71D381A2D19F100423E61 /* DBPriceCardParser.h */,
				6DC71D391A2D19F100423E61 /* DBPriceCardParser.m */,
			);
			name = Cards;
			sourceTree = "<group>";
		};
		6D7C30BC19CE410300876B31 /* Search */ = {
			isa = PBXGroup;
			children = (
				6D7C30BD19CE417400876B31 /* DBSearchViewController.h */,
				6D7C30BE19CE417400876B31 /* DBSearchViewController.m */,
			);
			name = Search;
			sourceTree = "<group>";
		};
		6DB12C6D19BDAB0A00B2BCC8 = {
			isa = PBXGroup;
			children = (
				6D70035D19BDC64100AAC079 /* Resources */,
				6DB12C7F19BDAB0A00B2BCC8 /* MTGSearch */,
				6DB12CA119BDAB0B00B2BCC8 /* MTGSearchTests */,
				6DB12C7819BDAB0A00B2BCC8 /* Frameworks */,
				6DB12C7719BDAB0A00B2BCC8 /* Products */,
				6D70035A19BDC27C00AAC079 /* HSSearch.plist */,
				74427FEC1EA5D2E742AC8C17 /* Pods */,
				6D0128E919E180E00047C117 /* MTGSearch copy-Info.plist */,
				6D12DE7B19E2E59C001C11D6 /* MTGSearch copy2-Info.plist */,
				6D12DEAD19E33E0A001C11D6 /* HSSearch copy-Info.plist */,
			);
			sourceTree = "<group>";
		};
		6DB12C7719BDAB0A00B2BCC8 /* Products */ = {
			isa = PBXGroup;
			children = (
				6DB12C7619BDAB0A00B2BCC8 /* MTGSearch.app */,
				6DB12C9A19BDAB0B00B2BCC8 /* MTGSearchTests.xctest */,
				6D12DE7A19E2E59C001C11D6 /* MTGSearch copy.app */,
			);
			name = Products;
			sourceTree = "<group>";
		};
		6DB12C7819BDAB0A00B2BCC8 /* Frameworks */ = {
			isa = PBXGroup;
			children = (
				6D0128B919E180A70047C117 /* libPods-AFNetworking.a */,
				6D0128B719E180A30047C117 /* libPods-MBProgressHUD.a */,
				6DDC9CD519DC524C002BBB4F /* libz.dylib */,
				6DDC9CD319DC5246002BBB4F /* SystemConfiguration.framework */,
				6DDC9CD119DC523F002BBB4F /* CoreData.framework */,
				6D7C30AC19CC6E6C00876B31 /* QuartzCore.framework */,
				6D70035B19BDC56A00AAC079 /* libsqlite3.dylib */,
				6DB12C7919BDAB0A00B2BCC8 /* Foundation.framework */,
				6DB12C7B19BDAB0A00B2BCC8 /* CoreGraphics.framework */,
				6DB12C7D19BDAB0A00B2BCC8 /* UIKit.framework */,
				6DB12C9B19BDAB0B00B2BCC8 /* XCTest.framework */,
				8DAD1DACEA824BEFAF35E1A5 /* libPods.a */,
			);
			name = Frameworks;
			sourceTree = "<group>";
		};
		6DB12C7F19BDAB0A00B2BCC8 /* MTGSearch */ = {
			isa = PBXGroup;
			children = (
				6DC24CD31A1D412F00BF20DE /* Saved */,
				6DDC9CC519DC51E4002BBB4F /* vendor */,
				6D7C30BC19CE410300876B31 /* Search */,
				6D7C30B519CE38FD00876B31 /* Settings */,
				6D70037A19BE83FA00AAC079 /* Filter */,
				6D70037519BE2BEA00AAC079 /* Sets */,
				6D70036419BDC84400AAC079 /* Data Provider */,
				6D7C30BB19CE40E800876B31 /* Cards */,
				6DB12C8819BDAB0A00B2BCC8 /* DBAppDelegate.h */,
				6DB12C8919BDAB0A00B2BCC8 /* DBAppDelegate.m */,
				6DB12C8B19BDAB0A00B2BCC8 /* Main.storyboard */,
				6DB12C9419BDAB0B00B2BCC8 /* Images.xcassets */,
				6DB12C8019BDAB0A00B2BCC8 /* Supporting Files */,
				6DDC9CDA19DC7CAB002BBB4F /* LaunchScreen.storyboard */,
				6DBEE8F019DC9D75009FC9BD /* UIViewController+NavBar.h */,
				6DBEE8F119DC9D75009FC9BD /* UIViewController+NavBar.m */,
				6D57A4B519E03BE00099C96B /* Localizable.strings */,
				6D0128F019E19B2B0047C117 /* HSLaunchScreen.storyboard */,
			);
			path = MTGSearch;
			sourceTree = "<group>";
		};
		6DB12C8019BDAB0A00B2BCC8 /* Supporting Files */ = {
			isa = PBXGroup;
			children = (
				6DB12C8119BDAB0A00B2BCC8 /* MTGSearch-Info.plist */,
				6DB12C8219BDAB0A00B2BCC8 /* InfoPlist.strings */,
				6DB12C8519BDAB0A00B2BCC8 /* main.m */,
				6DB12C8719BDAB0A00B2BCC8 /* MTGSearch-Prefix.pch */,
			);
			name = "Supporting Files";
			sourceTree = "<group>";
		};
		6DB12CA119BDAB0B00B2BCC8 /* MTGSearchTests */ = {
			isa = PBXGroup;
			children = (
				6DB12CA719BDAB0B00B2BCC8 /* MTGSearchTests.m */,
				6DB12CA219BDAB0B00B2BCC8 /* Supporting Files */,
			);
			path = MTGSearchTests;
			sourceTree = "<group>";
		};
		6DB12CA219BDAB0B00B2BCC8 /* Supporting Files */ = {
			isa = PBXGroup;
			children = (
				6DB12CA319BDAB0B00B2BCC8 /* MTGSearchTests-Info.plist */,
				6DB12CA419BDAB0B00B2BCC8 /* InfoPlist.strings */,
			);
			name = "Supporting Files";
			sourceTree = "<group>";
		};
		6DC24CD31A1D412F00BF20DE /* Saved */ = {
			isa = PBXGroup;
			children = (
				6DC24CD41A1D415B00BF20DE /* DBSavedViewController.h */,
				6DC24CD51A1D415B00BF20DE /* DBSavedViewController.m */,
			);
			name = Saved;
			sourceTree = "<group>";
		};
		6DDC9CC519DC51E4002BBB4F /* vendor */ = {
			isa = PBXGroup;
			children = (
				6D06F2841A23E10C00F5C34E /* NanoStore2 */,
				6D3B3F1A19E88708008BFB64 /* Crashlytics.framework */,
				6DDC9CD019DC521B002BBB4F /* Google Analytics */,
			);
			name = vendor;
			sourceTree = "<group>";
		};
		6DDC9CD019DC521B002BBB4F /* Google Analytics */ = {
			isa = PBXGroup;
			children = (
				6DDC9CD819DC5406002BBB4F /* libGoogleAnalyticsServices.a */,
				6DDC9CC619DC5214002BBB4F /* GAI.h */,
				6DDC9CC719DC5214002BBB4F /* GAIDictionaryBuilder.h */,
				6DDC9CC819DC5214002BBB4F /* GAIEcommerceFields.h */,
				6DDC9CC919DC5214002BBB4F /* GAIEcommerceProduct.h */,
				6DDC9CCA19DC5214002BBB4F /* GAIEcommerceProductAction.h */,
				6DDC9CCB19DC5214002BBB4F /* GAIEcommercePromotion.h */,
				6DDC9CCC19DC5214002BBB4F /* GAIFields.h */,
				6DDC9CCD19DC5214002BBB4F /* GAILogger.h */,
				6DDC9CCE19DC5214002BBB4F /* GAITrackedViewController.h */,
				6DDC9CCF19DC5214002BBB4F /* GAITracker.h */,
			);
			name = "Google Analytics";
			sourceTree = "<group>";
		};
		74427FEC1EA5D2E742AC8C17 /* Pods */ = {
			isa = PBXGroup;
			children = (
				905B74DA559DF9384B07BA7E /* Pods.debug.xcconfig */,
				4A4F24BAB8BB2153D5F9F6F5 /* Pods.release.xcconfig */,
			);
			name = Pods;
			sourceTree = "<group>";
		};
/* End PBXGroup section */

/* Begin PBXNativeTarget section */
		6D12DE4C19E2E59C001C11D6 /* MTGSearch Dev */ = {
			isa = PBXNativeTarget;
			buildConfigurationList = 6D12DE7719E2E59C001C11D6 /* Build configuration list for PBXNativeTarget "MTGSearch Dev" */;
			buildPhases = (
				6D12DE4D19E2E59C001C11D6 /* Check Pods Manifest.lock */,
				6D12DE4E19E2E59C001C11D6 /* Sources */,
				6D12DE6419E2E59C001C11D6 /* Frameworks */,
				6D12DE6E19E2E59C001C11D6 /* Resources */,
				6D12DE7619E2E59C001C11D6 /* Copy Pods Resources */,
			);
			buildRules = (
			);
			dependencies = (
			);
			name = "MTGSearch Dev";
			productName = MTGSearch;
			productReference = 6D12DE7A19E2E59C001C11D6 /* MTGSearch copy.app */;
			productType = "com.apple.product-type.application";
		};
		6DB12C7519BDAB0A00B2BCC8 /* MTGSearch */ = {
			isa = PBXNativeTarget;
			buildConfigurationList = 6DB12CAB19BDAB0B00B2BCC8 /* Build configuration list for PBXNativeTarget "MTGSearch" */;
			buildPhases = (
				6ECF5B40EBD748BCB1F37853 /* Check Pods Manifest.lock */,
				6DB12C7219BDAB0A00B2BCC8 /* Sources */,
				6DB12C7319BDAB0A00B2BCC8 /* Frameworks */,
				6DB12C7419BDAB0A00B2BCC8 /* Resources */,
				5F4ED6E09B93452197D61509 /* Copy Pods Resources */,
				6D3B3F1919E886BD008BFB64 /* ShellScript */,
			);
			buildRules = (
			);
			dependencies = (
			);
			name = MTGSearch;
			productName = MTGSearch;
			productReference = 6DB12C7619BDAB0A00B2BCC8 /* MTGSearch.app */;
			productType = "com.apple.product-type.application";
		};
		6DB12C9919BDAB0B00B2BCC8 /* MTGSearchTests */ = {
			isa = PBXNativeTarget;
			buildConfigurationList = 6DB12CAE19BDAB0B00B2BCC8 /* Build configuration list for PBXNativeTarget "MTGSearchTests" */;
			buildPhases = (
				6DB12C9619BDAB0B00B2BCC8 /* Sources */,
				6DB12C9719BDAB0B00B2BCC8 /* Frameworks */,
				6DB12C9819BDAB0B00B2BCC8 /* Resources */,
			);
			buildRules = (
			);
			dependencies = (
				6DB12CA019BDAB0B00B2BCC8 /* PBXTargetDependency */,
			);
			name = MTGSearchTests;
			productName = MTGSearchTests;
			productReference = 6DB12C9A19BDAB0B00B2BCC8 /* MTGSearchTests.xctest */;
			productType = "com.apple.product-type.bundle.unit-test";
		};
/* End PBXNativeTarget section */

/* Begin PBXProject section */
		6DB12C6E19BDAB0A00B2BCC8 /* Project object */ = {
			isa = PBXProject;
			attributes = {
				CLASSPREFIX = DB;
				LastUpgradeCheck = 0510;
				ORGANIZATIONNAME = "Daniele Bottillo";
				TargetAttributes = {
					6D12DE4C19E2E59C001C11D6 = {
						DevelopmentTeam = 2323933EB4;
					};
					6DB12C7519BDAB0A00B2BCC8 = {
						DevelopmentTeam = 2323933EB4;
					};
					6DB12C9919BDAB0B00B2BCC8 = {
						TestTargetID = 6DB12C7519BDAB0A00B2BCC8;
					};
				};
			};
			buildConfigurationList = 6DB12C7119BDAB0A00B2BCC8 /* Build configuration list for PBXProject "MTGSearch" */;
			compatibilityVersion = "Xcode 3.2";
			developmentRegion = English;
			hasScannedForEncodings = 0;
			knownRegions = (
				en,
				Base,
				it,
			);
			mainGroup = 6DB12C6D19BDAB0A00B2BCC8;
			productRefGroup = 6DB12C7719BDAB0A00B2BCC8 /* Products */;
			projectDirPath = "";
			projectRoot = "";
			targets = (
				6DB12C7519BDAB0A00B2BCC8 /* MTGSearch */,
				6DB12C9919BDAB0B00B2BCC8 /* MTGSearchTests */,
				6D12DE4C19E2E59C001C11D6 /* MTGSearch Dev */,
			);
		};
/* End PBXProject section */

/* Begin PBXResourcesBuildPhase section */
		6D12DE6E19E2E59C001C11D6 /* Resources */ = {
			isa = PBXResourcesBuildPhase;
			buildActionMask = 2147483647;
			files = (
				6D12DE6F19E2E59C001C11D6 /* Images.xcassets in Resources */,
				6D12DE7119E2E59C001C11D6 /* InfoPlist.strings in Resources */,
				6D12DE7219E2E59C001C11D6 /* Localizable.strings in Resources */,
				6D12DE7319E2E59C001C11D6 /* LaunchScreen.storyboard in Resources */,
				6D12DE7419E2E59C001C11D6 /* mtgsearch.sqlite3 in Resources */,
				6D12DE7519E2E59C001C11D6 /* Main.storyboard in Resources */,
			);
			runOnlyForDeploymentPostprocessing = 0;
		};
		6DB12C7419BDAB0A00B2BCC8 /* Resources */ = {
			isa = PBXResourcesBuildPhase;
			buildActionMask = 2147483647;
			files = (
				6DB12C9519BDAB0B00B2BCC8 /* Images.xcassets in Resources */,
				6DB12C8419BDAB0A00B2BCC8 /* InfoPlist.strings in Resources */,
				6D57A4B219E03BE00099C96B /* Localizable.strings in Resources */,
				6DDC9CDB19DC7CAB002BBB4F /* LaunchScreen.storyboard in Resources */,
				6D70035F19BDC65400AAC079 /* mtgsearch.sqlite3 in Resources */,
				6DB12C8D19BDAB0A00B2BCC8 /* Main.storyboard in Resources */,
			);
			runOnlyForDeploymentPostprocessing = 0;
		};
		6DB12C9819BDAB0B00B2BCC8 /* Resources */ = {
			isa = PBXResourcesBuildPhase;
			buildActionMask = 2147483647;
			files = (
				6DB12CA619BDAB0B00B2BCC8 /* InfoPlist.strings in Resources */,
			);
			runOnlyForDeploymentPostprocessing = 0;
		};
/* End PBXResourcesBuildPhase section */

/* Begin PBXShellScriptBuildPhase section */
		5F4ED6E09B93452197D61509 /* Copy Pods Resources */ = {
			isa = PBXShellScriptBuildPhase;
			buildActionMask = 2147483647;
			files = (
			);
			inputPaths = (
			);
			name = "Copy Pods Resources";
			outputPaths = (
			);
			runOnlyForDeploymentPostprocessing = 0;
			shellPath = /bin/sh;
			shellScript = "\"${SRCROOT}/Pods/Target Support Files/Pods/Pods-resources.sh\"\n";
			showEnvVarsInLog = 0;
		};
		6D12DE4D19E2E59C001C11D6 /* Check Pods Manifest.lock */ = {
			isa = PBXShellScriptBuildPhase;
			buildActionMask = 2147483647;
			files = (
			);
			inputPaths = (
			);
			name = "Check Pods Manifest.lock";
			outputPaths = (
			);
			runOnlyForDeploymentPostprocessing = 0;
			shellPath = /bin/sh;
			shellScript = "diff \"${PODS_ROOT}/../Podfile.lock\" \"${PODS_ROOT}/Manifest.lock\" > /dev/null\nif [[ $? != 0 ]] ; then\n    cat << EOM\nerror: The sandbox is not in sync with the Podfile.lock. Run 'pod install' or update your CocoaPods installation.\nEOM\n    exit 1\nfi\n";
			showEnvVarsInLog = 0;
		};
		6D12DE7619E2E59C001C11D6 /* Copy Pods Resources */ = {
			isa = PBXShellScriptBuildPhase;
			buildActionMask = 2147483647;
			files = (
			);
			inputPaths = (
			);
			name = "Copy Pods Resources";
			outputPaths = (
			);
			runOnlyForDeploymentPostprocessing = 0;
			shellPath = /bin/sh;
			shellScript = "\"${SRCROOT}/Pods/Target Support Files/Pods/Pods-resources.sh\"\n";
			showEnvVarsInLog = 0;
		};
		6D3B3F1919E886BD008BFB64 /* ShellScript */ = {
			isa = PBXShellScriptBuildPhase;
			buildActionMask = 2147483647;
			files = (
			);
			inputPaths = (
			);
			outputPaths = (
			);
			runOnlyForDeploymentPostprocessing = 0;
			shellPath = /bin/sh;
			shellScript = "./Crashlytics.framework/run f2c7b2dc347786aa1e01b4ca437f2f8dd05d59d8 638e573ab31186bdce16441e1578987793101c245270a4615bc7fd2ed79604e6";
		};
		6ECF5B40EBD748BCB1F37853 /* Check Pods Manifest.lock */ = {
			isa = PBXShellScriptBuildPhase;
			buildActionMask = 2147483647;
			files = (
			);
			inputPaths = (
			);
			name = "Check Pods Manifest.lock";
			outputPaths = (
			);
			runOnlyForDeploymentPostprocessing = 0;
			shellPath = /bin/sh;
			shellScript = "diff \"${PODS_ROOT}/../Podfile.lock\" \"${PODS_ROOT}/Manifest.lock\" > /dev/null\nif [[ $? != 0 ]] ; then\n    cat << EOM\nerror: The sandbox is not in sync with the Podfile.lock. Run 'pod install' or update your CocoaPods installation.\nEOM\n    exit 1\nfi\n";
			showEnvVarsInLog = 0;
		};
/* End PBXShellScriptBuildPhase section */

/* Begin PBXSourcesBuildPhase section */
		6D12DE4E19E2E59C001C11D6 /* Sources */ = {
			isa = PBXSourcesBuildPhase;
			buildActionMask = 2147483647;
			files = (
				6D12DE4F19E2E59C001C11D6 /* UIViewController+NavBar.m in Sources */,
				6DEA9B5B1A195AE200AF7D57 /* LocalDataProvider.m in Sources */,
				6D12DE5019E2E59C001C11D6 /* DBFilterViewController.m in Sources */,
				6DC71D3B1A2D19F100423E61 /* DBPriceCardParser.m in Sources */,
				6D12DE5119E2E59C001C11D6 /* DBSetPickerViewController.m in Sources */,
				6D12DE5219E2E59C001C11D6 /* CardFilter.m in Sources */,
				6D835D5019E58BED00F188DA /* DBCardViewController.m in Sources */,
				6D12DE5519E2E59C001C11D6 /* DBAppDelegate.m in Sources */,
				6D12DE5719E2E59C001C11D6 /* DBFullCardCell.m in Sources */,
				6D12DE5819E2E59C001C11D6 /* UIViewController+FilterCards.m in Sources */,
				6DC24CD71A1D415B00BF20DE /* DBSavedViewController.m in Sources */,
				6D12DE5A19E2E59C001C11D6 /* MTGSet.m in Sources */,
				6D12DE5B19E2E59C001C11D6 /* DBCardsViewController.m in Sources */,
				6DD55E501A25B631002BA504 /* fopenCompatibilityFix.c in Sources */,
				6D12DE5C19E2E59C001C11D6 /* DBSearchViewController.m in Sources */,
				6D12DE5E19E2E59C001C11D6 /* DBSetViewController.m in Sources */,
				6DC71D3F1A2D1A2400423E61 /* MTGCardPrice.m in Sources */,
				6D12DE5F19E2E59C001C11D6 /* DBCardCell.m in Sources */,
				6D12DE6019E2E59C001C11D6 /* DBSettingsViewController.m in Sources */,
				6D12DE6119E2E59C001C11D6 /* main.m in Sources */,
				6D12DE6219E2E59C001C11D6 /* MTGCard.m in Sources */,
				6D12DE6319E2E59C001C11D6 /* CardsDatabase.m in Sources */,
			);
			runOnlyForDeploymentPostprocessing = 0;
		};
		6DB12C7219BDAB0A00B2BCC8 /* Sources */ = {
			isa = PBXSourcesBuildPhase;
			buildActionMask = 2147483647;
			files = (
				6DBEE8F219DC9D75009FC9BD /* UIViewController+NavBar.m in Sources */,
				6DEA9B5A1A195AE200AF7D57 /* LocalDataProvider.m in Sources */,
				6D70037D19BE840800AAC079 /* DBFilterViewController.m in Sources */,
				6DC71D3A1A2D19F100423E61 /* DBPriceCardParser.m in Sources */,
				6D70037819BE2C0C00AAC079 /* DBSetPickerViewController.m in Sources */,
				6D70038119BF380A00AAC079 /* CardFilter.m in Sources */,
				6D835D4E19E58BED00F188DA /* DBCardViewController.m in Sources */,
				6DB12C8A19BDAB0A00B2BCC8 /* DBAppDelegate.m in Sources */,
				6DC9540C19C0504F008640C7 /* DBFullCardCell.m in Sources */,
				6D7C30C319CE48BD00876B31 /* UIViewController+FilterCards.m in Sources */,
				6D06F2961A23E10C00F5C34E /* fopenCompatibilityFix.c in Sources */,
				6DC24CD61A1D415B00BF20DE /* DBSavedViewController.m in Sources */,
				6D70036B19BDC89E00AAC079 /* MTGSet.m in Sources */,
				6D70038519BF48BE00AAC079 /* DBCardsViewController.m in Sources */,
				6D7C30BF19CE417400876B31 /* DBSearchViewController.m in Sources */,
				6DB12C9019BDAB0A00B2BCC8 /* DBSetViewController.m in Sources */,
				6DC71D3E1A2D1A2400423E61 /* MTGCardPrice.m in Sources */,
				6D25A10719DDD53600ACB73A /* DBCardCell.m in Sources */,
				6D7C30B819CE390E00876B31 /* DBSettingsViewController.m in Sources */,
				6DB12C8619BDAB0A00B2BCC8 /* main.m in Sources */,
				6D70037319BDCF8F00AAC079 /* MTGCard.m in Sources */,
				6D70036219BDC69F00AAC079 /* CardsDatabase.m in Sources */,
			);
			runOnlyForDeploymentPostprocessing = 0;
		};
		6DB12C9619BDAB0B00B2BCC8 /* Sources */ = {
			isa = PBXSourcesBuildPhase;
			buildActionMask = 2147483647;
			files = (
				6DB12CA819BDAB0B00B2BCC8 /* MTGSearchTests.m in Sources */,
			);
			runOnlyForDeploymentPostprocessing = 0;
		};
/* End PBXSourcesBuildPhase section */

/* Begin PBXTargetDependency section */
		6DB12CA019BDAB0B00B2BCC8 /* PBXTargetDependency */ = {
			isa = PBXTargetDependency;
			target = 6DB12C7519BDAB0A00B2BCC8 /* MTGSearch */;
			targetProxy = 6DB12C9F19BDAB0B00B2BCC8 /* PBXContainerItemProxy */;
		};
/* End PBXTargetDependency section */

/* Begin PBXVariantGroup section */
		6D57A4B519E03BE00099C96B /* Localizable.strings */ = {
			isa = PBXVariantGroup;
			children = (
				6D57A4B419E03BE00099C96B /* Base */,
				6D57A4B619E03BE30099C96B /* en */,
				6D57A4B719E03BE30099C96B /* it */,
			);
			name = Localizable.strings;
			sourceTree = "<group>";
		};
		6DB12C8219BDAB0A00B2BCC8 /* InfoPlist.strings */ = {
			isa = PBXVariantGroup;
			children = (
				6DB12C8319BDAB0A00B2BCC8 /* en */,
				6D57A4A719E023A20099C96B /* it */,
			);
			name = InfoPlist.strings;
			sourceTree = "<group>";
		};
		6DB12C8B19BDAB0A00B2BCC8 /* Main.storyboard */ = {
			isa = PBXVariantGroup;
			children = (
				6DB12C8C19BDAB0A00B2BCC8 /* Base */,
				6D57A4A619E023A20099C96B /* it */,
			);
			name = Main.storyboard;
			sourceTree = "<group>";
		};
		6DB12CA419BDAB0B00B2BCC8 /* InfoPlist.strings */ = {
			isa = PBXVariantGroup;
			children = (
				6DB12CA519BDAB0B00B2BCC8 /* en */,
				6D57A4A819E023A20099C96B /* it */,
			);
			name = InfoPlist.strings;
			sourceTree = "<group>";
		};
/* End PBXVariantGroup section */

/* Begin XCBuildConfiguration section */
		6D12DE7819E2E59C001C11D6 /* Debug */ = {
			isa = XCBuildConfiguration;
			baseConfigurationReference = 905B74DA559DF9384B07BA7E /* Pods.debug.xcconfig */;
			buildSettings = {
				ARCHS = armv7;
				ASSETCATALOG_COMPILER_APPICON_NAME = AppIcon;
				ASSETCATALOG_COMPILER_LAUNCHIMAGE_NAME = LaunchImage;
				CODE_SIGN_IDENTITY = "iPhone Developer";
				"CODE_SIGN_IDENTITY[sdk=iphoneos*]" = "iPhone Developer";
				FRAMEWORK_SEARCH_PATHS = (
					"$(inherited)",
					"$(PROJECT_DIR)/MTGSearch",
				);
				GCC_GENERATE_TEST_COVERAGE_FILES = YES;
				GCC_INSTRUMENT_PROGRAM_FLOW_ARCS = YES;
				GCC_PRECOMPILE_PREFIX_HEADER = YES;
				GCC_PREFIX_HEADER = "MTGSearch/MTGSearch-Prefix.pch";
				GENERATE_PROFILING_CODE = NO;
				INFOPLIST_FILE = "MTGSearch copy2-Info.plist";
				LIBRARY_SEARCH_PATHS = (
					"$(inherited)",
					"$(PROJECT_DIR)/MTGSearch",
					"$(PROJECT_DIR)/MTGSearch/Distribution/NanoStore2/Release/Library",
					"$(PROJECT_DIR)/MTGSearch/NanoStore2/Release/Library",
				);
				ONLY_ACTIVE_ARCH = NO;
				PRODUCT_NAME = "MTGSearch copy";
				PROVISIONING_PROFILE = "";
				TARGETED_DEVICE_FAMILY = 1;
				VALID_ARCHS = armv7;
				WRAPPER_EXTENSION = app;
			};
			name = Debug;
		};
		6D12DE7919E2E59C001C11D6 /* Release */ = {
			isa = XCBuildConfiguration;
			baseConfigurationReference = 4A4F24BAB8BB2153D5F9F6F5 /* Pods.release.xcconfig */;
			buildSettings = {
				ARCHS = armv7;
				ASSETCATALOG_COMPILER_APPICON_NAME = AppIcon;
				ASSETCATALOG_COMPILER_LAUNCHIMAGE_NAME = LaunchImage;
				CODE_SIGN_IDENTITY = "iPhone Developer";
				"CODE_SIGN_IDENTITY[sdk=iphoneos*]" = "iPhone Developer";
				FRAMEWORK_SEARCH_PATHS = (
					"$(inherited)",
					"$(PROJECT_DIR)/MTGSearch",
				);
				GCC_GENERATE_TEST_COVERAGE_FILES = YES;
				GCC_INSTRUMENT_PROGRAM_FLOW_ARCS = YES;
				GCC_PRECOMPILE_PREFIX_HEADER = YES;
				GCC_PREFIX_HEADER = "MTGSearch/MTGSearch-Prefix.pch";
				GENERATE_PROFILING_CODE = YES;
				INFOPLIST_FILE = "MTGSearch copy2-Info.plist";
				LIBRARY_SEARCH_PATHS = (
					"$(inherited)",
					"$(PROJECT_DIR)/MTGSearch",
					"$(PROJECT_DIR)/MTGSearch/Distribution/NanoStore2/Release/Library",
					"$(PROJECT_DIR)/MTGSearch/NanoStore2/Release/Library",
				);
				PRODUCT_NAME = "MTGSearch copy";
				PROVISIONING_PROFILE = "";
				TARGETED_DEVICE_FAMILY = 1;
				VALID_ARCHS = armv7;
				WRAPPER_EXTENSION = app;
			};
			name = Release;
		};
		6DB12CA919BDAB0B00B2BCC8 /* Debug */ = {
			isa = XCBuildConfiguration;
			buildSettings = {
				ALWAYS_SEARCH_USER_PATHS = NO;
				CLANG_CXX_LANGUAGE_STANDARD = "gnu++0x";
				CLANG_CXX_LIBRARY = "libc++";
				CLANG_ENABLE_MODULES = YES;
				CLANG_ENABLE_OBJC_ARC = YES;
				CLANG_WARN_BOOL_CONVERSION = YES;
				CLANG_WARN_CONSTANT_CONVERSION = YES;
				CLANG_WARN_DIRECT_OBJC_ISA_USAGE = YES_ERROR;
				CLANG_WARN_EMPTY_BODY = YES;
				CLANG_WARN_ENUM_CONVERSION = YES;
				CLANG_WARN_INT_CONVERSION = YES;
				CLANG_WARN_OBJC_ROOT_CLASS = YES_ERROR;
				CLANG_WARN__DUPLICATE_METHOD_MATCH = YES;
				"CODE_SIGN_IDENTITY[sdk=iphoneos*]" = "iPhone Developer";
				COPY_PHASE_STRIP = NO;
				GCC_C_LANGUAGE_STANDARD = gnu99;
				GCC_DYNAMIC_NO_PIC = NO;
				GCC_INSTRUMENT_PROGRAM_FLOW_ARCS = YES;
				GCC_OPTIMIZATION_LEVEL = 0;
				GCC_PREPROCESSOR_DEFINITIONS = (
					"DEBUG=1",
					"$(inherited)",
				);
				GCC_SYMBOLS_PRIVATE_EXTERN = NO;
				GCC_WARN_64_TO_32_BIT_CONVERSION = YES;
				GCC_WARN_ABOUT_RETURN_TYPE = YES_ERROR;
				GCC_WARN_UNDECLARED_SELECTOR = YES;
				GCC_WARN_UNINITIALIZED_AUTOS = YES_AGGRESSIVE;
				GCC_WARN_UNUSED_FUNCTION = YES;
				GCC_WARN_UNUSED_VARIABLE = YES;
				IPHONEOS_DEPLOYMENT_TARGET = 7.0;
				ONLY_ACTIVE_ARCH = YES;
				SDKROOT = iphoneos;
			};
			name = Debug;
		};
		6DB12CAA19BDAB0B00B2BCC8 /* Release */ = {
			isa = XCBuildConfiguration;
			buildSettings = {
				ALWAYS_SEARCH_USER_PATHS = NO;
				CLANG_CXX_LANGUAGE_STANDARD = "gnu++0x";
				CLANG_CXX_LIBRARY = "libc++";
				CLANG_ENABLE_MODULES = YES;
				CLANG_ENABLE_OBJC_ARC = YES;
				CLANG_WARN_BOOL_CONVERSION = YES;
				CLANG_WARN_CONSTANT_CONVERSION = YES;
				CLANG_WARN_DIRECT_OBJC_ISA_USAGE = YES_ERROR;
				CLANG_WARN_EMPTY_BODY = YES;
				CLANG_WARN_ENUM_CONVERSION = YES;
				CLANG_WARN_INT_CONVERSION = YES;
				CLANG_WARN_OBJC_ROOT_CLASS = YES_ERROR;
				CLANG_WARN__DUPLICATE_METHOD_MATCH = YES;
				"CODE_SIGN_IDENTITY[sdk=iphoneos*]" = "iPhone Developer";
				COPY_PHASE_STRIP = YES;
				ENABLE_NS_ASSERTIONS = NO;
				GCC_C_LANGUAGE_STANDARD = gnu99;
				GCC_INSTRUMENT_PROGRAM_FLOW_ARCS = YES;
				GCC_WARN_64_TO_32_BIT_CONVERSION = YES;
				GCC_WARN_ABOUT_RETURN_TYPE = YES_ERROR;
				GCC_WARN_UNDECLARED_SELECTOR = YES;
				GCC_WARN_UNINITIALIZED_AUTOS = YES_AGGRESSIVE;
				GCC_WARN_UNUSED_FUNCTION = YES;
				GCC_WARN_UNUSED_VARIABLE = YES;
				IPHONEOS_DEPLOYMENT_TARGET = 7.0;
				SDKROOT = iphoneos;
				VALIDATE_PRODUCT = YES;
			};
			name = Release;
		};
		6DB12CAC19BDAB0B00B2BCC8 /* Debug */ = {
			isa = XCBuildConfiguration;
			baseConfigurationReference = 905B74DA559DF9384B07BA7E /* Pods.debug.xcconfig */;
			buildSettings = {
				ARCHS = (
					armv7s,
					armv7,
				);
				ASSETCATALOG_COMPILER_APPICON_NAME = AppIcon;
				ASSETCATALOG_COMPILER_LAUNCHIMAGE_NAME = LaunchImage;
				CODE_SIGN_IDENTITY = "iPhone Developer";
				"CODE_SIGN_IDENTITY[sdk=iphoneos*]" = "iPhone Developer";
				FRAMEWORK_SEARCH_PATHS = (
					"$(inherited)",
					"$(PROJECT_DIR)/MTGSearch",
				);
				GCC_GENERATE_TEST_COVERAGE_FILES = YES;
				GCC_INSTRUMENT_PROGRAM_FLOW_ARCS = YES;
				GCC_PRECOMPILE_PREFIX_HEADER = YES;
				GCC_PREFIX_HEADER = "MTGSearch/MTGSearch-Prefix.pch";
				INFOPLIST_FILE = "MTGSearch/MTGSearch-Info.plist";
				IPHONEOS_DEPLOYMENT_TARGET = 7.0;
				LIBRARY_SEARCH_PATHS = (
					"$(inherited)",
					"$(PROJECT_DIR)/MTGSearch",
					"$(PROJECT_DIR)/MTGSearch/Distribution/NanoStore2/Release/Library",
					"$(PROJECT_DIR)/MTGSearch/NanoStore2/Release/Library",
				);
				ONLY_ACTIVE_ARCH = NO;
				PRODUCT_NAME = "$(TARGET_NAME)";
				PROVISIONING_PROFILE = "";
				TARGETED_DEVICE_FAMILY = 1;
				VALID_ARCHS = armv7;
				WRAPPER_EXTENSION = app;
			};
			name = Debug;
		};
		6DB12CAD19BDAB0B00B2BCC8 /* Release */ = {
			isa = XCBuildConfiguration;
			baseConfigurationReference = 4A4F24BAB8BB2153D5F9F6F5 /* Pods.release.xcconfig */;
			buildSettings = {
				ARCHS = (
					armv7s,
					armv7,
				);
				ASSETCATALOG_COMPILER_APPICON_NAME = AppIcon;
				ASSETCATALOG_COMPILER_LAUNCHIMAGE_NAME = LaunchImage;
				CODE_SIGN_IDENTITY = "iPhone Developer";
				"CODE_SIGN_IDENTITY[sdk=iphoneos*]" = "iPhone Developer";
				FRAMEWORK_SEARCH_PATHS = (
					"$(inherited)",
					"$(PROJECT_DIR)/MTGSearch",
				);
				GCC_GENERATE_TEST_COVERAGE_FILES = YES;
				GCC_INSTRUMENT_PROGRAM_FLOW_ARCS = YES;
				GCC_PRECOMPILE_PREFIX_HEADER = YES;
				GCC_PREFIX_HEADER = "MTGSearch/MTGSearch-Prefix.pch";
				INFOPLIST_FILE = "MTGSearch/MTGSearch-Info.plist";
				IPHONEOS_DEPLOYMENT_TARGET = 7.0;
				LIBRARY_SEARCH_PATHS = (
					"$(inherited)",
					"$(PROJECT_DIR)/MTGSearch",
					"$(PROJECT_DIR)/MTGSearch/Distribution/NanoStore2/Release/Library",
					"$(PROJECT_DIR)/MTGSearch/NanoStore2/Release/Library",
				);
				PRODUCT_NAME = "$(TARGET_NAME)";
				PROVISIONING_PROFILE = "";
				TARGETED_DEVICE_FAMILY = 1;
				VALID_ARCHS = armv7;
				WRAPPER_EXTENSION = app;
			};
			name = Release;
		};
		6DB12CAF19BDAB0B00B2BCC8 /* Debug */ = {
			isa = XCBuildConfiguration;
			buildSettings = {
				BUNDLE_LOADER = "$(BUILT_PRODUCTS_DIR)/MTGSearch.app/MTGSearch";
				FRAMEWORK_SEARCH_PATHS = (
					"$(SDKROOT)/Developer/Library/Frameworks",
					"$(inherited)",
					"$(DEVELOPER_FRAMEWORKS_DIR)",
				);
				GCC_PRECOMPILE_PREFIX_HEADER = YES;
				GCC_PREFIX_HEADER = "MTGSearch/MTGSearch-Prefix.pch";
				GCC_PREPROCESSOR_DEFINITIONS = (
					"DEBUG=1",
					"$(inherited)",
				);
				INFOPLIST_FILE = "MTGSearchTests/MTGSearchTests-Info.plist";
				PRODUCT_NAME = "$(TARGET_NAME)";
				TEST_HOST = "$(BUNDLE_LOADER)";
				WRAPPER_EXTENSION = xctest;
			};
			name = Debug;
		};
		6DB12CB019BDAB0B00B2BCC8 /* Release */ = {
			isa = XCBuildConfiguration;
			buildSettings = {
				BUNDLE_LOADER = "$(BUILT_PRODUCTS_DIR)/MTGSearch.app/MTGSearch";
				FRAMEWORK_SEARCH_PATHS = (
					"$(SDKROOT)/Developer/Library/Frameworks",
					"$(inherited)",
					"$(DEVELOPER_FRAMEWORKS_DIR)",
				);
				GCC_PRECOMPILE_PREFIX_HEADER = YES;
				GCC_PREFIX_HEADER = "MTGSearch/MTGSearch-Prefix.pch";
				INFOPLIST_FILE = "MTGSearchTests/MTGSearchTests-Info.plist";
				PRODUCT_NAME = "$(TARGET_NAME)";
				TEST_HOST = "$(BUNDLE_LOADER)";
				WRAPPER_EXTENSION = xctest;
			};
			name = Release;
		};
/* End XCBuildConfiguration section */

/* Begin XCConfigurationList section */
		6D12DE7719E2E59C001C11D6 /* Build configuration list for PBXNativeTarget "MTGSearch Dev" */ = {
			isa = XCConfigurationList;
			buildConfigurations = (
				6D12DE7819E2E59C001C11D6 /* Debug */,
				6D12DE7919E2E59C001C11D6 /* Release */,
			);
			defaultConfigurationIsVisible = 0;
			defaultConfigurationName = Release;
		};
		6DB12C7119BDAB0A00B2BCC8 /* Build configuration list for PBXProject "MTGSearch" */ = {
			isa = XCConfigurationList;
			buildConfigurations = (
				6DB12CA919BDAB0B00B2BCC8 /* Debug */,
				6DB12CAA19BDAB0B00B2BCC8 /* Release */,
			);
			defaultConfigurationIsVisible = 0;
			defaultConfigurationName = Release;
		};
		6DB12CAB19BDAB0B00B2BCC8 /* Build configuration list for PBXNativeTarget "MTGSearch" */ = {
			isa = XCConfigurationList;
			buildConfigurations = (
				6DB12CAC19BDAB0B00B2BCC8 /* Debug */,
				6DB12CAD19BDAB0B00B2BCC8 /* Release */,
			);
			defaultConfigurationIsVisible = 0;
			defaultConfigurationName = Release;
		};
		6DB12CAE19BDAB0B00B2BCC8 /* Build configuration list for PBXNativeTarget "MTGSearchTests" */ = {
			isa = XCConfigurationList;
			buildConfigurations = (
				6DB12CAF19BDAB0B00B2BCC8 /* Debug */,
				6DB12CB019BDAB0B00B2BCC8 /* Release */,
			);
			defaultConfigurationIsVisible = 0;
			defaultConfigurationName = Release;
		};
/* End XCConfigurationList section */
	};
	rootObject = 6DB12C6E19BDAB0A00B2BCC8 /* Project object */;
}
